
Microsoft Visual Studio Solution File, Format Version 12.00
# Visual Studio Version 16
VisualStudioVersion = 16.0.29424.173
MinimumVisualStudioVersion = 10.0.40219.1
Project("{FAE04EC0-301F-11D3-BF4B-00C04F79EFBC}") = "EMCORWebApplication", "EMCORWebApplication\EMCORWebApplication.csproj", "{9E942F65-7B74-4FEB-B919-A0EE5CF7FC49}"
EndProject
Global
	GlobalSection(SolutionConfigurationPlatforms) = preSolution
		Debug|Any CPU = Debug|Any CPU
		Release|Any CPU = Release|Any CPU
	EndGlobalSection
	GlobalSection(ProjectConfigurationPlatforms) = postSolution
		{9E942F65-7B74-4FEB-B919-A0EE5CF7FC49}.Debug|Any CPU.ActiveCfg = Debug|Any CPU
		{9E942F65-7B74-4FEB-B919-A0EE5CF7FC49}.Debug|Any CPU.Build.0 = Debug|Any CPU
		{9E942F65-7B74-4FEB-B919-A0EE5CF7FC49}.Release|Any CPU.ActiveCfg = Release|Any CPU
		{9E942F65-7B74-4FEB-B919-A0EE5CF7FC49}.Release|Any CPU.Build.0 = Release|Any CPU
	EndGlobalSection
	GlobalSection(SolutionProperties) = preSolution
		HideSolutionNode = FALSE
	EndGlobalSection
	GlobalSection(ExtensibilityGlobals) = postSolution
		SolutionGuid = {489A793F-E205-4986-A4E9-EB00BB67D58A}
	EndGlobalSection
EndGlobal
